
Microsoft Visual Studio Solution File, Format Version 12.00
# Visual Studio Version 17
VisualStudioVersion = 17.0.32002.185
MinimumVisualStudioVersion = 10.0.40219.1
Project("{2150E333-8FDC-42A3-9474-1A3956D46DE8}") = "src", "src", "{7A90BDC3-97D3-49E2-9876-E78A1836F419}"
EndProject
Project("{2150E333-8FDC-42A3-9474-1A3956D46DE8}") = "Api", "Api", "{10F4B44C-214D-4CC1-B02F-797F81CE1C5F}"
EndProject
Project("{2150E333-8FDC-42A3-9474-1A3956D46DE8}") = "Clients", "Clients", "{C178B24E-3F72-4CCE-9060-C8CE7F605BD1}"
EndProject
Project("{2150E333-8FDC-42A3-9474-1A3956D46DE8}") = "Common", "Common", "{FC755959-F947-4E6B-A092-699C6A4D4DB0}"
EndProject
Project("{2150E333-8FDC-42A3-9474-1A3956D46DE8}") = "Projections", "Projections", "{C0777DC0-3273-404A-A6BA-287A4CACE411}"
EndProject
Project("{2150E333-8FDC-42A3-9474-1A3956D46DE8}") = "Core", "Core", "{1F8A746A-3376-495B-91B6-1E4D188E7BA3}"
EndProject
Project("{2150E333-8FDC-42A3-9474-1A3956D46DE8}") = "Infrastracture", "Infrastracture", "{CFE61103-13A8-4368-B283-43E8BD2E0A8F}"
EndProject
Project("{2150E333-8FDC-42A3-9474-1A3956D46DE8}") = "WebApi", "WebApi", "{84C02107-5C8E-4090-B0AF-7D3153E18623}"
EndProject
Project("{2150E333-8FDC-42A3-9474-1A3956D46DE8}") = "BlazorWeb", "BlazorWeb", "{7AFE2692-1FD7-4FE8-BBAF-A50E9814828E}"
EndProject
Project("{FAE04EC0-301F-11D3-BF4B-00C04F79EFBC}") = "BlazorSozluk.Common", "src\Common\BlazorSozluk.Common\BlazorSozluk.Common.csproj", "{271A45DD-7C33-49D2-A878-32F4DF6066DE}"
EndProject
Project("{FAE04EC0-301F-11D3-BF4B-00C04F79EFBC}") = "BlazorSozluk.Api.Domain", "src\Api\Core\BlazorSozluk.Api.Domain\BlazorSozluk.Api.Domain.csproj", "{1DE86D73-D8D9-41DE-9274-32E4E12FA66F}"
EndProject
Project("{FAE04EC0-301F-11D3-BF4B-00C04F79EFBC}") = "BlazorSozluk.Api.Application", "src\Api\Core\BlazorSozluk.Api.Application\BlazorSozluk.Api.Application.csproj", "{08B7E594-BD81-4709-B46F-61A4F7D0F952}"
EndProject
Project("{FAE04EC0-301F-11D3-BF4B-00C04F79EFBC}") = "BlazorSozluk.Infrastructure.Persistence", "src\Api\Infrastructure\BlazorSozluk.Infrastructure.Persistence\BlazorSozluk.Infrastructure.Persistence.csproj", "{07A7C517-6B2F-4268-8F04-568D9EBD442C}"
EndProject
Project("{FAE04EC0-301F-11D3-BF4B-00C04F79EFBC}") = "BlazorSozluk.Api.WebApi", "src\Api\WebApi\BlazorSozluk.Api.WebApi\BlazorSozluk.Api.WebApi.csproj", "{D4A5007D-821E-4106-B6C5-59F994252533}"
EndProject
Project("{FAE04EC0-301F-11D3-BF4B-00C04F79EFBC}") = "BlazorSozluk.Projections.FavoriteService", "src\Projections\BlazorSozluk.Projections.FavoriteService\BlazorSozluk.Projections.FavoriteService.csproj", "{D0D4B685-07BA-46C5-AA16-11A9F1BFCFD6}"
EndProject
Project("{FAE04EC0-301F-11D3-BF4B-00C04F79EFBC}") = "BlazorSozluk.Projections.VoteService", "src\Projections\BlazorSozluk.Projections.VoteService\BlazorSozluk.Projections.VoteService.csproj", "{2546FA4B-4AA6-4223-9C76-DD098E7EB871}"
EndProject
Project("{FAE04EC0-301F-11D3-BF4B-00C04F79EFBC}") = "BlazorSozluk.WebApp", "src\Clients\BlazorWeb\BlazorSozluk.WebApp\BlazorSozluk.WebApp.csproj", "{C6F51DBB-8520-4EBE-A159-2BCC1C5A7B11}"
EndProject
Project("{FAE04EC0-301F-11D3-BF4B-00C04F79EFBC}") = "BlazorSozluk.Projections.UserService", "src\Projections\BlazorSozluk.Projections.UserService\BlazorSozluk.Projections.UserService.csproj", "{2F268F01-2352-4BA5-98D9-E59D882F2DD0}"
EndProject
Global
	GlobalSection(SolutionConfigurationPlatforms) = preSolution
		Debug|Any CPU = Debug|Any CPU
		Release|Any CPU = Release|Any CPU
	EndGlobalSection
	GlobalSection(ProjectConfigurationPlatforms) = postSolution
		{271A45DD-7C33-49D2-A878-32F4DF6066DE}.Debug|Any CPU.ActiveCfg = Debug|Any CPU
		{271A45DD-7C33-49D2-A878-32F4DF6066DE}.Debug|Any CPU.Build.0 = Debug|Any CPU
		{271A45DD-7C33-49D2-A878-32F4DF6066DE}.Release|Any CPU.ActiveCfg = Release|Any CPU
		{271A45DD-7C33-49D2-A878-32F4DF6066DE}.Release|Any CPU.Build.0 = Release|Any CPU
		{1DE86D73-D8D9-41DE-9274-32E4E12FA66F}.Debug|Any CPU.ActiveCfg = Debug|Any CPU
		{1DE86D73-D8D9-41DE-9274-32E4E12FA66F}.Debug|Any CPU.Build.0 = Debug|Any CPU
		{1DE86D73-D8D9-41DE-9274-32E4E12FA66F}.Release|Any CPU.ActiveCfg = Release|Any CPU
		{1DE86D73-D8D9-41DE-9274-32E4E12FA66F}.Release|Any CPU.Build.0 = Release|Any CPU
		{08B7E594-BD81-4709-B46F-61A4F7D0F952}.Debug|Any CPU.ActiveCfg = Debug|Any CPU
		{08B7E594-BD81-4709-B46F-61A4F7D0F952}.Debug|Any CPU.Build.0 = Debug|Any CPU
		{08B7E594-BD81-4709-B46F-61A4F7D0F952}.Release|Any CPU.ActiveCfg = Release|Any CPU
		{08B7E594-BD81-4709-B46F-61A4F7D0F952}.Release|Any CPU.Build.0 = Release|Any CPU
		{07A7C517-6B2F-4268-8F04-568D9EBD442C}.Debug|Any CPU.ActiveCfg = Debug|Any CPU
		{07A7C517-6B2F-4268-8F04-568D9EBD442C}.Debug|Any CPU.Build.0 = Debug|Any CPU
		{07A7C517-6B2F-4268-8F04-568D9EBD442C}.Release|Any CPU.ActiveCfg = Release|Any CPU
		{07A7C517-6B2F-4268-8F04-568D9EBD442C}.Release|Any CPU.Build.0 = Release|Any CPU
		{D4A5007D-821E-4106-B6C5-59F994252533}.Debug|Any CPU.ActiveCfg = Debug|Any CPU
		{D4A5007D-821E-4106-B6C5-59F994252533}.Debug|Any CPU.Build.0 = Debug|Any CPU
		{D4A5007D-821E-4106-B6C5-59F994252533}.Release|Any CPU.ActiveCfg = Release|Any CPU
		{D4A5007D-821E-4106-B6C5-59F994252533}.Release|Any CPU.Build.0 = Release|Any CPU
		{D0D4B685-07BA-46C5-AA16-11A9F1BFCFD6}.Debug|Any CPU.ActiveCfg = Debug|Any CPU
		{D0D4B685-07BA-46C5-AA16-11A9F1BFCFD6}.Debug|Any CPU.Build.0 = Debug|Any CPU
		{D0D4B685-07BA-46C5-AA16-11A9F1BFCFD6}.Release|Any CPU.ActiveCfg = Release|Any CPU
		{D0D4B685-07BA-46C5-AA16-11A9F1BFCFD6}.Release|Any CPU.Build.0 = Release|Any CPU
		{2546FA4B-4AA6-4223-9C76-DD098E7EB871}.Debug|Any CPU.ActiveCfg = Debug|Any CPU
		{2546FA4B-4AA6-4223-9C76-DD098E7EB871}.Debug|Any CPU.Build.0 = Debug|Any CPU
		{2546FA4B-4AA6-4223-9C76-DD098E7EB871}.Release|Any CPU.ActiveCfg = Release|Any CPU
		{2546FA4B-4AA6-4223-9C76-DD098E7EB871}.Release|Any CPU.Build.0 = Release|Any CPU
		{C6F51DBB-8520-4EBE-A159-2BCC1C5A7B11}.Debug|Any CPU.ActiveCfg = Debug|Any CPU
		{C6F51DBB-8520-4EBE-A159-2BCC1C5A7B11}.Debug|Any CPU.Build.0 = Debug|Any CPU
		{C6F51DBB-8520-4EBE-A159-2BCC1C5A7B11}.Release|Any CPU.ActiveCfg = Release|Any CPU
		{C6F51DBB-8520-4EBE-A159-2BCC1C5A7B11}.Release|Any CPU.Build.0 = Release|Any CPU
		{2F268F01-2352-4BA5-98D9-E59D882F2DD0}.Debug|Any CPU.ActiveCfg = Debug|Any CPU
		{2F268F01-2352-4BA5-98D9-E59D882F2DD0}.Debug|Any CPU.Build.0 = Debug|Any CPU
		{2F268F01-2352-4BA5-98D9-E59D882F2DD0}.Release|Any CPU.ActiveCfg = Release|Any CPU
		{2F268F01-2352-4BA5-98D9-E59D882F2DD0}.Release|Any CPU.Build.0 = Release|Any CPU
	EndGlobalSection
	GlobalSection(SolutionProperties) = preSolution
		HideSolutionNode = FALSE
	EndGlobalSection
	GlobalSection(NestedProjects) = preSolution
		{10F4B44C-214D-4CC1-B02F-797F81CE1C5F} = {7A90BDC3-97D3-49E2-9876-E78A1836F419}
		{C178B24E-3F72-4CCE-9060-C8CE7F605BD1} = {7A90BDC3-97D3-49E2-9876-E78A1836F419}
		{FC755959-F947-4E6B-A092-699C6A4D4DB0} = {7A90BDC3-97D3-49E2-9876-E78A1836F419}
		{C0777DC0-3273-404A-A6BA-287A4CACE411} = {7A90BDC3-97D3-49E2-9876-E78A1836F419}
		{1F8A746A-3376-495B-91B6-1E4D188E7BA3} = {10F4B44C-214D-4CC1-B02F-797F81CE1C5F}
		{CFE61103-13A8-4368-B283-43E8BD2E0A8F} = {10F4B44C-214D-4CC1-B02F-797F81CE1C5F}
		{84C02107-5C8E-4090-B0AF-7D3153E18623} = {10F4B44C-214D-4CC1-B02F-797F81CE1C5F}
		{7AFE2692-1FD7-4FE8-BBAF-A50E9814828E} = {C178B24E-3F72-4CCE-9060-C8CE7F605BD1}
		{271A45DD-7C33-49D2-A878-32F4DF6066DE} = {FC755959-F947-4E6B-A092-699C6A4D4DB0}
		{1DE86D73-D8D9-41DE-9274-32E4E12FA66F} = {1F8A746A-3376-495B-91B6-1E4D188E7BA3}
		{08B7E594-BD81-4709-B46F-61A4F7D0F952} = {1F8A746A-3376-495B-91B6-1E4D188E7BA3}
		{07A7C517-6B2F-4268-8F04-568D9EBD442C} = {CFE61103-13A8-4368-B283-43E8BD2E0A8F}
		{D4A5007D-821E-4106-B6C5-59F994252533} = {84C02107-5C8E-4090-B0AF-7D3153E18623}
		{D0D4B685-07BA-46C5-AA16-11A9F1BFCFD6} = {C0777DC0-3273-404A-A6BA-287A4CACE411}
		{2546FA4B-4AA6-4223-9C76-DD098E7EB871} = {C0777DC0-3273-404A-A6BA-287A4CACE411}
		{C6F51DBB-8520-4EBE-A159-2BCC1C5A7B11} = {7AFE2692-1FD7-4FE8-BBAF-A50E9814828E}
		{2F268F01-2352-4BA5-98D9-E59D882F2DD0} = {C0777DC0-3273-404A-A6BA-287A4CACE411}
	EndGlobalSection
	GlobalSection(ExtensibilityGlobals) = postSolution
		SolutionGuid = {42BFDC0E-25D2-4A8E-9CF5-B93F9A6DD764}
	EndGlobalSection
EndGlobal
